github.com/goplus/lib v0.6.1 h1:OrHX3lBRsK3u5Vh045bkPvCoYHXhLmEqPCINHT6qA6Y=
github.com/goplus/lib v0.6.1/go.mod h1:0krESx2ZyKMlgNp3oUMob++WJYR5a1PpubjSmMjnP0c=
github.com/llarhub/cjson v0.1.1 h1:hg4n/MLhRUrs0mVpWtY2/Ai6WjtpLaxFoF4p2ACN6IY=
github.com/llarhub/cjson v0.1.1/go.mod h1:waRsN729Qq6jRvOFbp5Nx4qTeWaoa/1x6qBrw733+Tk=
